
Microsoft Visual Studio Solution File, Format Version 12.00
# Visual Studio Version 17
VisualStudioVersion = 17.1.32328.378
MinimumVisualStudioVersion = 10.0.40219.1
Project("{2150E333-8FDC-42A3-9474-1A3956D46DE8}") = "Domain", "Domain", "{3396B866-432E-441B-AFB1-6D531A1C0B24}"
EndProject
Project("{9A19103F-16F7-4668-BE54-9A1E7A4F7556}") = "Domain", "Domain.csproj", "{BF40DC30-03AB-4AFB-ABAF-B3D32D712003}"
EndProject
Project("{9A19103F-16F7-4668-BE54-9A1E7A4F7556}") = "GatewayAPI", "..\..\..\GatewayAPI\GatewayAPI.csproj", "{E007ABF7-BD0F-485D-AC48-707B6164AC55}"
EndProject
Global
	GlobalSection(SolutionConfigurationPlatforms) = preSolution
		Debug|Any CPU = Debug|Any CPU
		Release|Any CPU = Release|Any CPU
	EndGlobalSection
	GlobalSection(ProjectConfigurationPlatforms) = postSolution
		{BF40DC30-03AB-4AFB-ABAF-B3D32D712003}.Debug|Any CPU.ActiveCfg = Debug|Any CPU
		{BF40DC30-03AB-4AFB-ABAF-B3D32D712003}.Debug|Any CPU.Build.0 = Debug|Any CPU
		{BF40DC30-03AB-4AFB-ABAF-B3D32D712003}.Release|Any CPU.ActiveCfg = Release|Any CPU
		{BF40DC30-03AB-4AFB-ABAF-B3D32D712003}.Release|Any CPU.Build.0 = Release|Any CPU
		{E007ABF7-BD0F-485D-AC48-707B6164AC55}.Debug|Any CPU.ActiveCfg = Debug|Any CPU
		{E007ABF7-BD0F-485D-AC48-707B6164AC55}.Debug|Any CPU.Build.0 = Debug|Any CPU
		{E007ABF7-BD0F-485D-AC48-707B6164AC55}.Release|Any CPU.ActiveCfg = Release|Any CPU
		{E007ABF7-BD0F-485D-AC48-707B6164AC55}.Release|Any CPU.Build.0 = Release|Any CPU
	EndGlobalSection
	GlobalSection(SolutionProperties) = preSolution
		HideSolutionNode = FALSE
	EndGlobalSection
	GlobalSection(NestedProjects) = preSolution
		{BF40DC30-03AB-4AFB-ABAF-B3D32D712003} = {3396B866-432E-441B-AFB1-6D531A1C0B24}
		{E007ABF7-BD0F-485D-AC48-707B6164AC55} = {3396B866-432E-441B-AFB1-6D531A1C0B24}
	EndGlobalSection
	GlobalSection(ExtensibilityGlobals) = postSolution
		SolutionGuid = {28A1E450-B3D7-451F-AE02-636A7E2D22B0}
	EndGlobalSection
EndGlobal
